
Microsoft Visual Studio Solution File, Format Version 12.00
# Visual Studio 2013
VisualStudioVersion = 12.0.21005.1
MinimumVisualStudioVersion = 10.0.40219.1
Project("{FAE04EC0-301F-11D3-BF4B-00C04F79EFBC}") = "WpfApplication1", "WpfApplication1\WpfApplication1.csproj", "{94F3094C-0E97-4868-B1F0-DE9200A7A076}"
EndProject
Project("{FAE04EC0-301F-11D3-BF4B-00C04F79EFBC}") = "WpfApplication2", "WpfApplication2\WpfApplication2.csproj", "{7B5958F1-EACE-4F82-9F3E-82BDE35ABFBF}"
EndProject
Project("{FAE04EC0-301F-11D3-BF4B-00C04F79EFBC}") = "WpfApplication3", "WpfApplication3\WpfApplication3.csproj", "{B31ECF96-1EDE-4944-A994-1642385D76C9}"
EndProject
Project("{FAE04EC0-301F-11D3-BF4B-00C04F79EFBC}") = "WpfApplication4", "WpfApplication4\WpfApplication4.csproj", "{3CDEC925-420F-457E-B547-414F98716248}"
EndProject
Project("{FAE04EC0-301F-11D3-BF4B-00C04F79EFBC}") = "WpfApplication5", "WpfApplication5\WpfApplication5.csproj", "{614DA1E1-1301-4479-8C6A-CAA6A5AF27EF}"
EndProject
Global
	GlobalSection(SolutionConfigurationPlatforms) = preSolution
		Debug|Any CPU = Debug|Any CPU
		Release|Any CPU = Release|Any CPU
	EndGlobalSection
	GlobalSection(ProjectConfigurationPlatforms) = postSolution
		{94F3094C-0E97-4868-B1F0-DE9200A7A076}.Debug|Any CPU.ActiveCfg = Debug|Any CPU
		{94F3094C-0E97-4868-B1F0-DE9200A7A076}.Debug|Any CPU.Build.0 = Debug|Any CPU
		{94F3094C-0E97-4868-B1F0-DE9200A7A076}.Release|Any CPU.ActiveCfg = Release|Any CPU
		{94F3094C-0E97-4868-B1F0-DE9200A7A076}.Release|Any CPU.Build.0 = Release|Any CPU
		{7B5958F1-EACE-4F82-9F3E-82BDE35ABFBF}.Debug|Any CPU.ActiveCfg = Debug|Any CPU
		{7B5958F1-EACE-4F82-9F3E-82BDE35ABFBF}.Debug|Any CPU.Build.0 = Debug|Any CPU
		{7B5958F1-EACE-4F82-9F3E-82BDE35ABFBF}.Release|Any CPU.ActiveCfg = Release|Any CPU
		{7B5958F1-EACE-4F82-9F3E-82BDE35ABFBF}.Release|Any CPU.Build.0 = Release|Any CPU
		{B31ECF96-1EDE-4944-A994-1642385D76C9}.Debug|Any CPU.ActiveCfg = Debug|Any CPU
		{B31ECF96-1EDE-4944-A994-1642385D76C9}.Debug|Any CPU.Build.0 = Debug|Any CPU
		{B31ECF96-1EDE-4944-A994-1642385D76C9}.Release|Any CPU.ActiveCfg = Release|Any CPU
		{B31ECF96-1EDE-4944-A994-1642385D76C9}.Release|Any CPU.Build.0 = Release|Any CPU
		{3CDEC925-420F-457E-B547-414F98716248}.Debug|Any CPU.ActiveCfg = Debug|Any CPU
		{3CDEC925-420F-457E-B547-414F98716248}.Debug|Any CPU.Build.0 = Debug|Any CPU
		{3CDEC925-420F-457E-B547-414F98716248}.Release|Any CPU.ActiveCfg = Release|Any CPU
		{3CDEC925-420F-457E-B547-414F98716248}.Release|Any CPU.Build.0 = Release|Any CPU
		{614DA1E1-1301-4479-8C6A-CAA6A5AF27EF}.Debug|Any CPU.ActiveCfg = Debug|Any CPU
		{614DA1E1-1301-4479-8C6A-CAA6A5AF27EF}.Debug|Any CPU.Build.0 = Debug|Any CPU
		{614DA1E1-1301-4479-8C6A-CAA6A5AF27EF}.Release|Any CPU.ActiveCfg = Release|Any CPU
		{614DA1E1-1301-4479-8C6A-CAA6A5AF27EF}.Release|Any CPU.Build.0 = Release|Any CPU
	EndGlobalSection
	GlobalSection(SolutionProperties) = preSolution
		HideSolutionNode = FALSE
	EndGlobalSection
EndGlobal
