
Microsoft Visual Studio Solution File, Format Version 12.00
# Visual Studio 2013
VisualStudioVersion = 12.0.21005.1
MinimumVisualStudioVersion = 10.0.40219.1
Project("{FAE04EC0-301F-11D3-BF4B-00C04F79EFBC}") = "QA3", "QA3\QA3.csproj", "{F21AE201-AD56-45C0-B7DD-EA8185A4A792}"
EndProject
Project("{FAE04EC0-301F-11D3-BF4B-00C04F79EFBC}") = "UnitTestProject", "UnitTestProject\UnitTestProject.csproj", "{1C39C30F-CFF9-4687-A7D4-6C5BA1A3CDB9}"
EndProject
Global
	GlobalSection(SolutionConfigurationPlatforms) = preSolution
		Debug|Any CPU = Debug|Any CPU
		Release|Any CPU = Release|Any CPU
	EndGlobalSection
	GlobalSection(ProjectConfigurationPlatforms) = postSolution
		{F21AE201-AD56-45C0-B7DD-EA8185A4A792}.Debug|Any CPU.ActiveCfg = Debug|Any CPU
		{F21AE201-AD56-45C0-B7DD-EA8185A4A792}.Debug|Any CPU.Build.0 = Debug|Any CPU
		{F21AE201-AD56-45C0-B7DD-EA8185A4A792}.Release|Any CPU.ActiveCfg = Release|Any CPU
		{F21AE201-AD56-45C0-B7DD-EA8185A4A792}.Release|Any CPU.Build.0 = Release|Any CPU
		{1C39C30F-CFF9-4687-A7D4-6C5BA1A3CDB9}.Debug|Any CPU.ActiveCfg = Debug|Any CPU
		{1C39C30F-CFF9-4687-A7D4-6C5BA1A3CDB9}.Debug|Any CPU.Build.0 = Debug|Any CPU
		{1C39C30F-CFF9-4687-A7D4-6C5BA1A3CDB9}.Release|Any CPU.ActiveCfg = Release|Any CPU
		{1C39C30F-CFF9-4687-A7D4-6C5BA1A3CDB9}.Release|Any CPU.Build.0 = Release|Any CPU
	EndGlobalSection
	GlobalSection(SolutionProperties) = preSolution
		HideSolutionNode = FALSE
	EndGlobalSection
EndGlobal
